
Microsoft Visual Studio Solution File, Format Version 12.00
# Visual Studio Version 17
VisualStudioVersion = 17.3.32901.215
MinimumVisualStudioVersion = 10.0.40219.1
Project("{9A19103F-16F7-4668-BE54-9A1E7A4F7556}") = "POCDataMigrationAPI", "POCDataMigration\POCDataMigrationAPI.csproj", "{CF8D9B67-950C-4837-8AEB-DFCB75BED859}"
EndProject
Project("{FAE04EC0-301F-11D3-BF4B-00C04F79EFBC}") = "POCDataMigrationWebApp", "POCDataMigrationWebApp\POCDataMigrationWebApp.csproj", "{F70C1223-EDF6-47DF-90BD-FE014474817D}"
EndProject
Global
	GlobalSection(SolutionConfigurationPlatforms) = preSolution
		Debug|Any CPU = Debug|Any CPU
		Release|Any CPU = Release|Any CPU
	EndGlobalSection
	GlobalSection(ProjectConfigurationPlatforms) = postSolution
		{CF8D9B67-950C-4837-8AEB-DFCB75BED859}.Debug|Any CPU.ActiveCfg = Debug|Any CPU
		{CF8D9B67-950C-4837-8AEB-DFCB75BED859}.Debug|Any CPU.Build.0 = Debug|Any CPU
		{CF8D9B67-950C-4837-8AEB-DFCB75BED859}.Release|Any CPU.ActiveCfg = Release|Any CPU
		{CF8D9B67-950C-4837-8AEB-DFCB75BED859}.Release|Any CPU.Build.0 = Release|Any CPU
		{F70C1223-EDF6-47DF-90BD-FE014474817D}.Debug|Any CPU.ActiveCfg = Debug|Any CPU
		{F70C1223-EDF6-47DF-90BD-FE014474817D}.Debug|Any CPU.Build.0 = Debug|Any CPU
		{F70C1223-EDF6-47DF-90BD-FE014474817D}.Release|Any CPU.ActiveCfg = Release|Any CPU
		{F70C1223-EDF6-47DF-90BD-FE014474817D}.Release|Any CPU.Build.0 = Release|Any CPU
	EndGlobalSection
	GlobalSection(SolutionProperties) = preSolution
		HideSolutionNode = FALSE
	EndGlobalSection
	GlobalSection(ExtensibilityGlobals) = postSolution
		SolutionGuid = {16CE82BC-884C-473D-9944-E8282A6D2A0F}
	EndGlobalSection
EndGlobal
